{
  "name": "@sendanor/typescript",
  "version": "0.0.1",
  "lockfileVersion": 1,
  "requires": true,
  "dependencies": {
    "@types/lodash": {
      "version": "4.14.168",
      "resolved": "https://registry.npmjs.org/@types/lodash/-/lodash-4.14.168.tgz",
      "integrity": "sha512-oVfRvqHV/V6D1yifJbVRU3TMp8OT6o6BG+U9MkwuJ3U8/CsDHvalRpsxBqivn71ztOFZBTfJMvETbqHiaNSj7Q=="
    },
    "@types/node": {
      "version": "14.14.27",
      "resolved": "https://registry.npmjs.org/@types/node/-/node-14.14.27.tgz",
      "integrity": "sha512-Ecfmo4YDQPwuqTCl1yBxLV5ihKfRlkBmzUEDcfIRvDxOTGQEeikr317Ln7Gcv0tjA8dVgKI3rniqW2G1OyKDng=="
    },
    "lodash": {
      "version": "4.17.20",
      "resolved": "https://registry.npmjs.org/lodash/-/lodash-4.17.20.tgz",
      "integrity": "sha512-PlhdFcillOINfeV7Ni6oF1TAEayyZBoZ8bcshTHqOYJYlrqzRK5hagpagky5o4HfCzzd1TRkXPMFq6cKk9rGmA=="
    }
  }
}
